{
  "name": "@pylonide/architect-build",
  "version": "0.2.0",
  "lockfileVersion": 3,
  "requires": true,
  "packages": {
    "": {
      "name": "@pylonide/architect-build",
      "version": "0.2.0",
      "license": "MIT",
      "dependencies": {
        "async": "~3.2.0",
        "through": "~2.3.8",
        "uglify-js": "3.19.1"
      },
      "devDependencies": {},
      "engines": {
        "node": ">= 18.18.2"
      },
      "optionalDependencies": {
        "uglify-js": "3.19.1"
      }
    },
    "node_modules/async": {
      "version": "3.2.5",
      "resolved": "https://registry.npmjs.org/async/-/async-3.2.5.tgz",
      "integrity": "sha512-baNZyqaaLhyLVKm/DlvdW051MSgO6b8eVfIezl9E5PqWxFgzLm/wQntEW4zOytVburDEr0JlALEpdOFwvErLsg=="
    },
    "node_modules/through": {
      "version": "2.3.8",
      "resolved": "https://registry.npmjs.org/through/-/through-2.3.8.tgz",
      "integrity": "sha1-DdTJ/6q8NXlgsbckEV1+Doai4fU="
    },
    "node_modules/uglify-js": {
      "version": "3.19.1",
      "resolved": "https://registry.npmjs.org/uglify-js/-/uglify-js-3.19.1.tgz",
      "integrity": "sha512-y/2wiW+ceTYR2TSSptAhfnEtpLaQ4Ups5zrjB2d3kuVxHj16j/QJwPl5PvuGy9uARb39J0+iKxcRPvtpsx4A4A==",
      "optional": true,
      "bin": {
        "uglifyjs": "bin/uglifyjs"
      },
      "engines": {
        "node": ">=0.8.0"
      }
    }
  }
}
