{
  "name": "@pylonide/architect-build",
  "version": "0.2.0",
  "lockfileVersion": 3,
  "requires": true,
  "packages": {
    "": {
      "name": "@pylonide/architect-build",
      "version": "0.2.0",
      "license": "MIT",
      "dependencies": {
        "async": "~3.2.0",
        "through": "~2.3.8"
      },
      "devDependencies": {},
      "engines": {
        "node": ">= 18.18.2"
      },
      "optionalDependencies": {
        "uglify-js": "3.17.4"
      }
    },
    "node_modules/async": {
      "version": "3.2.6",
      "resolved": "https://registry.npmjs.org/async/-/async-3.2.6.tgz",
      "integrity": "sha512-htCUDlxyyCLMgaM3xXg0C0LW2xqfuQ6p05pCEIsXuyQ+a1koYKTuBMzRNwmybfLgvJDMd0r1LTn4+E0Ti6C2AA=="
    },
    "node_modules/through": {
      "version": "2.3.8",
      "resolved": "https://registry.npmjs.org/through/-/through-2.3.8.tgz",
      "integrity": "sha1-DdTJ/6q8NXlgsbckEV1+Doai4fU="
    },
    "node_modules/uglify-js": {
      "version": "3.17.4",
      "resolved": "https://registry.npmjs.org/uglify-js/-/uglify-js-3.17.4.tgz",
      "integrity": "sha512-T9q82TJI9e/C1TAxYvfb16xO120tMVFZrGA3f9/P4424DNu6ypK103y0GPFVa17yotwSyZW5iYXgjYHkGrJW/g==",
      "optional": true,
      "bin": {
        "uglifyjs": "bin/uglifyjs"
      },
      "engines": {
        "node": ">=0.8.0"
      }
    }
  }
}
